
Microsoft Visual Studio Solution File, Format Version 12.00
# Visual Studio Version 17
VisualStudioVersion = 17.11.35219.272
MinimumVisualStudioVersion = 10.0.40219.1
Project("{FAE04EC0-301F-11D3-BF4B-00C04F79EFBC}") = "ToDoListApps", "ToDoListApps\ToDoListApps.csproj", "{0DE63FC0-2D00-46A8-9EE3-C9C52D19D79A}"
EndProject
Project("{2150E333-8FDC-42A3-9474-1A3956D46DE8}") = "Elementos de la solución", "Elementos de la solución", "{CB59F804-595B-4C4D-95BC-4B1BCF854581}"
	ProjectSection(SolutionItems) = preProject
		Estructura del Proyecto.txt = Estructura del Proyecto.txt
		README.md = README.md
	EndProjectSection
EndProject
Global
	GlobalSection(SolutionConfigurationPlatforms) = preSolution
		Debug|Any CPU = Debug|Any CPU
		Release|Any CPU = Release|Any CPU
	EndGlobalSection
	GlobalSection(ProjectConfigurationPlatforms) = postSolution
		{0DE63FC0-2D00-46A8-9EE3-C9C52D19D79A}.Debug|Any CPU.ActiveCfg = Debug|Any CPU
		{0DE63FC0-2D00-46A8-9EE3-C9C52D19D79A}.Debug|Any CPU.Build.0 = Debug|Any CPU
		{0DE63FC0-2D00-46A8-9EE3-C9C52D19D79A}.Release|Any CPU.ActiveCfg = Release|Any CPU
		{0DE63FC0-2D00-46A8-9EE3-C9C52D19D79A}.Release|Any CPU.Build.0 = Release|Any CPU
	EndGlobalSection
	GlobalSection(SolutionProperties) = preSolution
		HideSolutionNode = FALSE
	EndGlobalSection
	GlobalSection(ExtensibilityGlobals) = postSolution
		SolutionGuid = {6BC7572B-AE95-40C4-BEEC-547A87662FD7}
	EndGlobalSection
EndGlobal
